
Microsoft Visual Studio Solution File, Format Version 11.00
# Visual C# Express 2010
Project("{FAE04EC0-301F-11D3-BF4B-00C04F79EFBC}") = "Breakout", "Breakout\Breakout\Breakout.csproj", "{49DB4302-56BC-41DF-A559-8EC5BF2ABCE4}"
EndProject
Project("{96E2B04D-8817-42C6-938A-82C39BA4D311}") = "BreakoutContent", "Breakout\BreakoutContent\BreakoutContent.contentproj", "{C8E07D4A-57B5-44D9-88FC-447A6BB7B169}"
EndProject
Global
	GlobalSection(SolutionConfigurationPlatforms) = preSolution
		Debug|x86 = Debug|x86
		Release|x86 = Release|x86
	EndGlobalSection
	GlobalSection(ProjectConfigurationPlatforms) = postSolution
		{49DB4302-56BC-41DF-A559-8EC5BF2ABCE4}.Debug|x86.ActiveCfg = Debug|x86
		{49DB4302-56BC-41DF-A559-8EC5BF2ABCE4}.Debug|x86.Build.0 = Debug|x86
		{49DB4302-56BC-41DF-A559-8EC5BF2ABCE4}.Release|x86.ActiveCfg = Release|x86
		{49DB4302-56BC-41DF-A559-8EC5BF2ABCE4}.Release|x86.Build.0 = Release|x86
		{C8E07D4A-57B5-44D9-88FC-447A6BB7B169}.Debug|x86.ActiveCfg = Debug|x86
		{C8E07D4A-57B5-44D9-88FC-447A6BB7B169}.Release|x86.ActiveCfg = Release|x86
	EndGlobalSection
	GlobalSection(SolutionProperties) = preSolution
		HideSolutionNode = FALSE
	EndGlobalSection
EndGlobal
